// !$*UTF8*$!
{
	archiveVersion = 1;
	classes = {
	};
	objectVersion = 50;
	objects = {

/* Begin PBXBuildFile section */
		6B1AB68B2518AA2E0085F0BC /* AppDelegate.swift in Sources */ = {isa = PBXBuildFile; fileRef = 6B1AB68A2518AA2E0085F0BC /* AppDelegate.swift */; };
		6B1AB68D2518AA2E0085F0BC /* SceneDelegate.swift in Sources */ = {isa = PBXBuildFile; fileRef = 6B1AB68C2518AA2E0085F0BC /* SceneDelegate.swift */; };
		6B1AB68F2518AA2E0085F0BC /* LoginViewController.swift in Sources */ = {isa = PBXBuildFile; fileRef = 6B1AB68E2518AA2E0085F0BC /* LoginViewController.swift */; };
		6B1AB6922518AA2E0085F0BC /* Main.storyboard in Resources */ = {isa = PBXBuildFile; fileRef = 6B1AB6902518AA2E0085F0BC /* Main.storyboard */; };
		6B1AB6942518AA300085F0BC /* Assets.xcassets in Resources */ = {isa = PBXBuildFile; fileRef = 6B1AB6932518AA300085F0BC /* Assets.xcassets */; };
		6B1AB6972518AA300085F0BC /* LaunchScreen.storyboard in Resources */ = {isa = PBXBuildFile; fileRef = 6B1AB6952518AA300085F0BC /* LaunchScreen.storyboard */; };
		6B1AB6A12518B4F60085F0BC /* DesignableView.swift in Sources */ = {isa = PBXBuildFile; fileRef = 6B1AB6A02518B4F60085F0BC /* DesignableView.swift */; };
		6B1AB6CC2518CE3A0085F0BC /* LoginViewModel.swift in Sources */ = {isa = PBXBuildFile; fileRef = 6B1AB6CB2518CE3A0085F0BC /* LoginViewModel.swift */; };
		6BCF04EA252A05D400F283F4 /* Factory.swift in Sources */ = {isa = PBXBuildFile; fileRef = 6BCF04E9252A05D400F283F4 /* Factory.swift */; };
		6BF7A2582518F1700059A23F /* APIClient.swift in Sources */ = {isa = PBXBuildFile; fileRef = 6BF7A2572518F1700059A23F /* APIClient.swift */; };
		6BF7A276251904D70059A23F /* CharacterSet+Additions.swift in Sources */ = {isa = PBXBuildFile; fileRef = 6BF7A275251904D70059A23F /* CharacterSet+Additions.swift */; };
		6BF7A279251904EC0059A23F /* Dictionary+Additions.swift in Sources */ = {isa = PBXBuildFile; fileRef = 6BF7A278251904EC0059A23F /* Dictionary+Additions.swift */; };
		6BF7A27C251913220059A23F /* User.swift in Sources */ = {isa = PBXBuildFile; fileRef = 6BF7A27B251913220059A23F /* User.swift */; };
		6BF7A284251A020F0059A23F /* APIConstants.swift in Sources */ = {isa = PBXBuildFile; fileRef = 6BF7A283251A020F0059A23F /* APIConstants.swift */; };
		6BF7A28F251A23220059A23F /* TabBarController.swift in Sources */ = {isa = PBXBuildFile; fileRef = 6BF7A28E251A23220059A23F /* TabBarController.swift */; };
		6BF7A293251A282A0059A23F /* TabBarViewModel.swift in Sources */ = {isa = PBXBuildFile; fileRef = 6BF7A292251A282A0059A23F /* TabBarViewModel.swift */; };
		6BF7A297251A2BFF0059A23F /* SettingsViewController.swift in Sources */ = {isa = PBXBuildFile; fileRef = 6BF7A296251A2BFF0059A23F /* SettingsViewController.swift */; };
		6BF7A29A251A4C420059A23F /* InfoViewController.swift in Sources */ = {isa = PBXBuildFile; fileRef = 6BF7A299251A4C420059A23F /* InfoViewController.swift */; };
		6BF7A2A1251A847C0059A23F /* InfoCell.swift in Sources */ = {isa = PBXBuildFile; fileRef = 6BF7A2A0251A847C0059A23F /* InfoCell.swift */; };
		6BF7A2A7251A8CF00059A23F /* SettingsViewModel.swift in Sources */ = {isa = PBXBuildFile; fileRef = 6BF7A2A6251A8CF00059A23F /* SettingsViewModel.swift */; };
		6BF7A2AC251B34030059A23F /* InfoViewModel.swift in Sources */ = {isa = PBXBuildFile; fileRef = 6BF7A2AB251B34030059A23F /* InfoViewModel.swift */; };
		6BF7A2B0251B95860059A23F /* KeyChain.swift in Sources */ = {isa = PBXBuildFile; fileRef = 6BF7A2AF251B95860059A23F /* KeyChain.swift */; };
/* End PBXBuildFile section */

/* Begin PBXFileReference section */
		6B1AB6872518AA2E0085F0BC /* Echo.app */ = {isa = PBXFileReference; explicitFileType = wrapper.application; includeInIndex = 0; path = Echo.app; sourceTree = BUILT_PRODUCTS_DIR; };
		6B1AB68A2518AA2E0085F0BC /* AppDelegate.swift */ = {isa = PBXFileReference; lastKnownFileType = sourcecode.swift; path = AppDelegate.swift; sourceTree = "<group>"; };
		6B1AB68C2518AA2E0085F0BC /* SceneDelegate.swift */ = {isa = PBXFileReference; lastKnownFileType = sourcecode.swift; path = SceneDelegate.swift; sourceTree = "<group>"; };
		6B1AB68E2518AA2E0085F0BC /* LoginViewController.swift */ = {isa = PBXFileReference; lastKnownFileType = sourcecode.swift; path = LoginViewController.swift; sourceTree = "<group>"; };
		6B1AB6912518AA2E0085F0BC /* Base */ = {isa = PBXFileReference; lastKnownFileType = file.storyboard; name = Base; path = Base.lproj/Main.storyboard; sourceTree = "<group>"; };
		6B1AB6932518AA300085F0BC /* Assets.xcassets */ = {isa = PBXFileReference; lastKnownFileType = folder.assetcatalog; path = Assets.xcassets; sourceTree = "<group>"; };
		6B1AB6962518AA300085F0BC /* Base */ = {isa = PBXFileReference; lastKnownFileType = file.storyboard; name = Base; path = Base.lproj/LaunchScreen.storyboard; sourceTree = "<group>"; };
		6B1AB6982518AA300085F0BC /* Info.plist */ = {isa = PBXFileReference; lastKnownFileType = text.plist.xml; path = Info.plist; sourceTree = "<group>"; };
		6B1AB6A02518B4F60085F0BC /* DesignableView.swift */ = {isa = PBXFileReference; lastKnownFileType = sourcecode.swift; path = DesignableView.swift; sourceTree = "<group>"; };
		6B1AB6CB2518CE3A0085F0BC /* LoginViewModel.swift */ = {isa = PBXFileReference; lastKnownFileType = sourcecode.swift; path = LoginViewModel.swift; sourceTree = "<group>"; };
		6BCF04E9252A05D400F283F4 /* Factory.swift */ = {isa = PBXFileReference; lastKnownFileType = sourcecode.swift; path = Factory.swift; sourceTree = "<group>"; };
		6BF7A2572518F1700059A23F /* APIClient.swift */ = {isa = PBXFileReference; lastKnownFileType = sourcecode.swift; path = APIClient.swift; sourceTree = "<group>"; };
		6BF7A275251904D70059A23F /* CharacterSet+Additions.swift */ = {isa = PBXFileReference; lastKnownFileType = sourcecode.swift; path = "CharacterSet+Additions.swift"; sourceTree = "<group>"; };
		6BF7A278251904EC0059A23F /* Dictionary+Additions.swift */ = {isa = PBXFileReference; lastKnownFileType = sourcecode.swift; path = "Dictionary+Additions.swift"; sourceTree = "<group>"; };
		6BF7A27B251913220059A23F /* User.swift */ = {isa = PBXFileReference; lastKnownFileType = sourcecode.swift; path = User.swift; sourceTree = "<group>"; };
		6BF7A283251A020F0059A23F /* APIConstants.swift */ = {isa = PBXFileReference; lastKnownFileType = sourcecode.swift; path = APIConstants.swift; sourceTree = "<group>"; };
		6BF7A28E251A23220059A23F /* TabBarController.swift */ = {isa = PBXFileReference; lastKnownFileType = sourcecode.swift; path = TabBarController.swift; sourceTree = "<group>"; };
		6BF7A292251A282A0059A23F /* TabBarViewModel.swift */ = {isa = PBXFileReference; lastKnownFileType = sourcecode.swift; path = TabBarViewModel.swift; sourceTree = "<group>"; };
		6BF7A296251A2BFF0059A23F /* SettingsViewController.swift */ = {isa = PBXFileReference; lastKnownFileType = sourcecode.swift; path = SettingsViewController.swift; sourceTree = "<group>"; };
		6BF7A299251A4C420059A23F /* InfoViewController.swift */ = {isa = PBXFileReference; lastKnownFileType = sourcecode.swift; path = InfoViewController.swift; sourceTree = "<group>"; };
		6BF7A2A0251A847C0059A23F /* InfoCell.swift */ = {isa = PBXFileReference; lastKnownFileType = sourcecode.swift; path = InfoCell.swift; sourceTree = "<group>"; };
		6BF7A2A6251A8CF00059A23F /* SettingsViewModel.swift */ = {isa = PBXFileReference; lastKnownFileType = sourcecode.swift; path = SettingsViewModel.swift; sourceTree = "<group>"; };
		6BF7A2AB251B34030059A23F /* InfoViewModel.swift */ = {isa = PBXFileReference; lastKnownFileType = sourcecode.swift; path = InfoViewModel.swift; sourceTree = "<group>"; };
		6BF7A2AF251B95860059A23F /* KeyChain.swift */ = {isa = PBXFileReference; lastKnownFileType = sourcecode.swift; path = KeyChain.swift; sourceTree = "<group>"; };
/* End PBXFileReference section */

/* Begin PBXFrameworksBuildPhase section */
		6B1AB6842518AA2E0085F0BC /* Frameworks */ = {
			isa = PBXFrameworksBuildPhase;
			buildActionMask = 2147483647;
			files = (
			);
			runOnlyForDeploymentPostprocessing = 0;
		};
/* End PBXFrameworksBuildPhase section */

/* Begin PBXGroup section */
		6B1AB67E2518AA2E0085F0BC = {
			isa = PBXGroup;
			children = (
				6B1AB6892518AA2E0085F0BC /* Echo */,
				6B1AB6882518AA2E0085F0BC /* Products */,
			);
			sourceTree = "<group>";
		};
		6B1AB6882518AA2E0085F0BC /* Products */ = {
			isa = PBXGroup;
			children = (
				6B1AB6872518AA2E0085F0BC /* Echo.app */,
			);
			name = Products;
			sourceTree = "<group>";
		};
		6B1AB6892518AA2E0085F0BC /* Echo */ = {
			isa = PBXGroup;
			children = (
				6B1AB68A2518AA2E0085F0BC /* AppDelegate.swift */,
				6B1AB68C2518AA2E0085F0BC /* SceneDelegate.swift */,
				6BCF04E9252A05D400F283F4 /* Factory.swift */,
				6BF7A28A251A115A0059A23F /* Model */,
				6BF7A288251A11230059A23F /* Presentation */,
				6BF7A286251A10CC0059A23F /* Network */,
				6BF7A2602519031E0059A23F /* Extensions */,
				6BF7A2AE251B95630059A23F /* Utilities */,
				6BF7A28C251A21F10059A23F /* Storyboard */,
				6B1AB6932518AA300085F0BC /* Assets.xcassets */,
				6B1AB6982518AA300085F0BC /* Info.plist */,
			);
			path = Echo;
			sourceTree = "<group>";
		};
		6BF7A2602519031E0059A23F /* Extensions */ = {
			isa = PBXGroup;
			children = (
				6BF7A275251904D70059A23F /* CharacterSet+Additions.swift */,
				6BF7A278251904EC0059A23F /* Dictionary+Additions.swift */,
			);
			path = Extensions;
			sourceTree = "<group>";
		};
		6BF7A286251A10CC0059A23F /* Network */ = {
			isa = PBXGroup;
			children = (
				6BF7A2572518F1700059A23F /* APIClient.swift */,
				6BF7A283251A020F0059A23F /* APIConstants.swift */,
			);
			path = Network;
			sourceTree = "<group>";
		};
		6BF7A288251A11230059A23F /* Presentation */ = {
			isa = PBXGroup;
			children = (
				6B1AB68E2518AA2E0085F0BC /* LoginViewController.swift */,
				6B1AB6CB2518CE3A0085F0BC /* LoginViewModel.swift */,
				6BF7A28E251A23220059A23F /* TabBarController.swift */,
				6BF7A292251A282A0059A23F /* TabBarViewModel.swift */,
				6BF7A296251A2BFF0059A23F /* SettingsViewController.swift */,
				6BF7A2A6251A8CF00059A23F /* SettingsViewModel.swift */,
				6BF7A299251A4C420059A23F /* InfoViewController.swift */,
				6BF7A2AB251B34030059A23F /* InfoViewModel.swift */,
				6BF7A2A3251A873D0059A23F /* Views */,
			);
			path = Presentation;
			sourceTree = "<group>";
		};
		6BF7A28A251A115A0059A23F /* Model */ = {
			isa = PBXGroup;
			children = (
				6BF7A27B251913220059A23F /* User.swift */,
			);
			path = Model;
			sourceTree = "<group>";
		};
		6BF7A28C251A21F10059A23F /* Storyboard */ = {
			isa = PBXGroup;
			children = (
				6B1AB6952518AA300085F0BC /* LaunchScreen.storyboard */,
				6B1AB6902518AA2E0085F0BC /* Main.storyboard */,
			);
			path = Storyboard;
			sourceTree = "<group>";
		};
		6BF7A2A3251A873D0059A23F /* Views */ = {
			isa = PBXGroup;
			children = (
				6BF7A2A0251A847C0059A23F /* InfoCell.swift */,
			);
			path = Views;
			sourceTree = "<group>";
		};
		6BF7A2AE251B95630059A23F /* Utilities */ = {
			isa = PBXGroup;
			children = (
				6B1AB6A02518B4F60085F0BC /* DesignableView.swift */,
				6BF7A2AF251B95860059A23F /* KeyChain.swift */,
			);
			path = Utilities;
			sourceTree = "<group>";
		};
/* End PBXGroup section */

/* Begin PBXNativeTarget section */
		6B1AB6862518AA2E0085F0BC /* Echo */ = {
			isa = PBXNativeTarget;
			buildConfigurationList = 6B1AB69B2518AA300085F0BC /* Build configuration list for PBXNativeTarget "Echo" */;
			buildPhases = (
				6B1AB6832518AA2E0085F0BC /* Sources */,
				6B1AB6842518AA2E0085F0BC /* Frameworks */,
				6B1AB6852518AA2E0085F0BC /* Resources */,
			);
			buildRules = (
			);
			dependencies = (
			);
			name = Echo;
			productName = Echo;
			productReference = 6B1AB6872518AA2E0085F0BC /* Echo.app */;
			productType = "com.apple.product-type.application";
		};
/* End PBXNativeTarget section */

/* Begin PBXProject section */
		6B1AB67F2518AA2E0085F0BC /* Project object */ = {
			isa = PBXProject;
			attributes = {
				LastSwiftUpdateCheck = 1200;
				LastUpgradeCheck = 1200;
				TargetAttributes = {
					6B1AB6862518AA2E0085F0BC = {
						CreatedOnToolsVersion = 12.0;
					};
				};
			};
			buildConfigurationList = 6B1AB6822518AA2E0085F0BC /* Build configuration list for PBXProject "Echo" */;
			compatibilityVersion = "Xcode 9.3";
			developmentRegion = en;
			hasScannedForEncodings = 0;
			knownRegions = (
				en,
				Base,
			);
			mainGroup = 6B1AB67E2518AA2E0085F0BC;
			productRefGroup = 6B1AB6882518AA2E0085F0BC /* Products */;
			projectDirPath = "";
			projectRoot = "";
			targets = (
				6B1AB6862518AA2E0085F0BC /* Echo */,
			);
		};
/* End PBXProject section */

/* Begin PBXResourcesBuildPhase section */
		6B1AB6852518AA2E0085F0BC /* Resources */ = {
			isa = PBXResourcesBuildPhase;
			buildActionMask = 2147483647;
			files = (
				6B1AB6972518AA300085F0BC /* LaunchScreen.storyboard in Resources */,
				6B1AB6942518AA300085F0BC /* Assets.xcassets in Resources */,
				6B1AB6922518AA2E0085F0BC /* Main.storyboard in Resources */,
			);
			runOnlyForDeploymentPostprocessing = 0;
		};
/* End PBXResourcesBuildPhase section */

/* Begin PBXSourcesBuildPhase section */
		6B1AB6832518AA2E0085F0BC /* Sources */ = {
			isa = PBXSourcesBuildPhase;
			buildActionMask = 2147483647;
			files = (
				6BF7A293251A282A0059A23F /* TabBarViewModel.swift in Sources */,
				6BF7A28F251A23220059A23F /* TabBarController.swift in Sources */,
				6BF7A284251A020F0059A23F /* APIConstants.swift in Sources */,
				6BF7A29A251A4C420059A23F /* InfoViewController.swift in Sources */,
				6BF7A2A1251A847C0059A23F /* InfoCell.swift in Sources */,
				6B1AB6A12518B4F60085F0BC /* DesignableView.swift in Sources */,
				6B1AB68F2518AA2E0085F0BC /* LoginViewController.swift in Sources */,
				6BF7A2A7251A8CF00059A23F /* SettingsViewModel.swift in Sources */,
				6BF7A276251904D70059A23F /* CharacterSet+Additions.swift in Sources */,
				6BF7A2B0251B95860059A23F /* KeyChain.swift in Sources */,
				6B1AB68B2518AA2E0085F0BC /* AppDelegate.swift in Sources */,
				6BCF04EA252A05D400F283F4 /* Factory.swift in Sources */,
				6BF7A2582518F1700059A23F /* APIClient.swift in Sources */,
				6BF7A297251A2BFF0059A23F /* SettingsViewController.swift in Sources */,
				6BF7A279251904EC0059A23F /* Dictionary+Additions.swift in Sources */,
				6BF7A2AC251B34030059A23F /* InfoViewModel.swift in Sources */,
				6B1AB6CC2518CE3A0085F0BC /* LoginViewModel.swift in Sources */,
				6BF7A27C251913220059A23F /* User.swift in Sources */,
				6B1AB68D2518AA2E0085F0BC /* SceneDelegate.swift in Sources */,
			);
			runOnlyForDeploymentPostprocessing = 0;
		};
/* End PBXSourcesBuildPhase section */

/* Begin PBXVariantGroup section */
		6B1AB6902518AA2E0085F0BC /* Main.storyboard */ = {
			isa = PBXVariantGroup;
			children = (
				6B1AB6912518AA2E0085F0BC /* Base */,
			);
			name = Main.storyboard;
			sourceTree = "<group>";
		};
		6B1AB6952518AA300085F0BC /* LaunchScreen.storyboard */ = {
			isa = PBXVariantGroup;
			children = (
				6B1AB6962518AA300085F0BC /* Base */,
			);
			name = LaunchScreen.storyboard;
			sourceTree = "<group>";
		};
/* End PBXVariantGroup section */

/* Begin XCBuildConfiguration section */
		6B1AB6992518AA300085F0BC /* Debug */ = {
			isa = XCBuildConfiguration;
			buildSettings = {
				ALWAYS_SEARCH_USER_PATHS = NO;
				CLANG_ANALYZER_NONNULL = YES;
				CLANG_ANALYZER_NUMBER_OBJECT_CONVERSION = YES_AGGRESSIVE;
				CLANG_CXX_LANGUAGE_STANDARD = "gnu++14";
				CLANG_CXX_LIBRARY = "libc++";
				CLANG_ENABLE_MODULES = YES;
				CLANG_ENABLE_OBJC_ARC = YES;
				CLANG_ENABLE_OBJC_WEAK = YES;
				CLANG_WARN_BLOCK_CAPTURE_AUTORELEASING = YES;
				CLANG_WARN_BOOL_CONVERSION = YES;
				CLANG_WARN_COMMA = YES;
				CLANG_WARN_CONSTANT_CONVERSION = YES;
				CLANG_WARN_DEPRECATED_OBJC_IMPLEMENTATIONS = YES;
				CLANG_WARN_DIRECT_OBJC_ISA_USAGE = YES_ERROR;
				CLANG_WARN_DOCUMENTATION_COMMENTS = YES;
				CLANG_WARN_EMPTY_BODY = YES;
				CLANG_WARN_ENUM_CONVERSION = YES;
				CLANG_WARN_INFINITE_RECURSION = YES;
				CLANG_WARN_INT_CONVERSION = YES;
				CLANG_WARN_NON_LITERAL_NULL_CONVERSION = YES;
				CLANG_WARN_OBJC_IMPLICIT_RETAIN_SELF = YES;
				CLANG_WARN_OBJC_LITERAL_CONVERSION = YES;
				CLANG_WARN_OBJC_ROOT_CLASS = YES_ERROR;
				CLANG_WARN_QUOTED_INCLUDE_IN_FRAMEWORK_HEADER = YES;
				CLANG_WARN_RANGE_LOOP_ANALYSIS = YES;
				CLANG_WARN_STRICT_PROTOTYPES = YES;
				CLANG_WARN_SUSPICIOUS_MOVE = YES;
				CLANG_WARN_UNGUARDED_AVAILABILITY = YES_AGGRESSIVE;
				CLANG_WARN_UNREACHABLE_CODE = YES;
				CLANG_WARN__DUPLICATE_METHOD_MATCH = YES;
				COPY_PHASE_STRIP = NO;
				DEBUG_INFORMATION_FORMAT = dwarf;
				ENABLE_STRICT_OBJC_MSGSEND = YES;
				ENABLE_TESTABILITY = YES;
				GCC_C_LANGUAGE_STANDARD = gnu11;
				GCC_DYNAMIC_NO_PIC = NO;
				GCC_NO_COMMON_BLOCKS = YES;
				GCC_OPTIMIZATION_LEVEL = 0;
				GCC_PREPROCESSOR_DEFINITIONS = (
					"DEBUG=1",
					"$(inherited)",
				);
				GCC_WARN_64_TO_32_BIT_CONVERSION = YES;
				GCC_WARN_ABOUT_RETURN_TYPE = YES_ERROR;
				GCC_WARN_UNDECLARED_SELECTOR = YES;
				GCC_WARN_UNINITIALIZED_AUTOS = YES_AGGRESSIVE;
				GCC_WARN_UNUSED_FUNCTION = YES;
				GCC_WARN_UNUSED_VARIABLE = YES;
				IPHONEOS_DEPLOYMENT_TARGET = 14.0;
				MTL_ENABLE_DEBUG_INFO = INCLUDE_SOURCE;
				MTL_FAST_MATH = YES;
				ONLY_ACTIVE_ARCH = YES;
				SDKROOT = iphoneos;
				SWIFT_ACTIVE_COMPILATION_CONDITIONS = DEBUG;
				SWIFT_OPTIMIZATION_LEVEL = "-Onone";
			};
			name = Debug;
		};
		6B1AB69A2518AA300085F0BC /* Release */ = {
			isa = XCBuildConfiguration;
			buildSettings = {
				ALWAYS_SEARCH_USER_PATHS = NO;
				CLANG_ANALYZER_NONNULL = YES;
				CLANG_ANALYZER_NUMBER_OBJECT_CONVERSION = YES_AGGRESSIVE;
				CLANG_CXX_LANGUAGE_STANDARD = "gnu++14";
				CLANG_CXX_LIBRARY = "libc++";
				CLANG_ENABLE_MODULES = YES;
				CLANG_ENABLE_OBJC_ARC = YES;
				CLANG_ENABLE_OBJC_WEAK = YES;
				CLANG_WARN_BLOCK_CAPTURE_AUTORELEASING = YES;
				CLANG_WARN_BOOL_CONVERSION = YES;
				CLANG_WARN_COMMA = YES;
				CLANG_WARN_CONSTANT_CONVERSION = YES;
				CLANG_WARN_DEPRECATED_OBJC_IMPLEMENTATIONS = YES;
				CLANG_WARN_DIRECT_OBJC_ISA_USAGE = YES_ERROR;
				CLANG_WARN_DOCUMENTATION_COMMENTS = YES;
				CLANG_WARN_EMPTY_BODY = YES;
				CLANG_WARN_ENUM_CONVERSION = YES;
				CLANG_WARN_INFINITE_RECURSION = YES;
				CLANG_WARN_INT_CONVERSION = YES;
				CLANG_WARN_NON_LITERAL_NULL_CONVERSION = YES;
				CLANG_WARN_OBJC_IMPLICIT_RETAIN_SELF = YES;
				CLANG_WARN_OBJC_LITERAL_CONVERSION = YES;
				CLANG_WARN_OBJC_ROOT_CLASS = YES_ERROR;
				CLANG_WARN_QUOTED_INCLUDE_IN_FRAMEWORK_HEADER = YES;
				CLANG_WARN_RANGE_LOOP_ANALYSIS = YES;
				CLANG_WARN_STRICT_PROTOTYPES = YES;
				CLANG_WARN_SUSPICIOUS_MOVE = YES;
				CLANG_WARN_UNGUARDED_AVAILABILITY = YES_AGGRESSIVE;
				CLANG_WARN_UNREACHABLE_CODE = YES;
				CLANG_WARN__DUPLICATE_METHOD_MATCH = YES;
				COPY_PHASE_STRIP = NO;
				DEBUG_INFORMATION_FORMAT = "dwarf-with-dsym";
				ENABLE_NS_ASSERTIONS = NO;
				ENABLE_STRICT_OBJC_MSGSEND = YES;
				GCC_C_LANGUAGE_STANDARD = gnu11;
				GCC_NO_COMMON_BLOCKS = YES;
				GCC_WARN_64_TO_32_BIT_CONVERSION = YES;
				GCC_WARN_ABOUT_RETURN_TYPE = YES_ERROR;
				GCC_WARN_UNDECLARED_SELECTOR = YES;
				GCC_WARN_UNINITIALIZED_AUTOS = YES_AGGRESSIVE;
				GCC_WARN_UNUSED_FUNCTION = YES;
				GCC_WARN_UNUSED_VARIABLE = YES;
				IPHONEOS_DEPLOYMENT_TARGET = 14.0;
				MTL_ENABLE_DEBUG_INFO = NO;
				MTL_FAST_MATH = YES;
				SDKROOT = iphoneos;
				SWIFT_COMPILATION_MODE = wholemodule;
				SWIFT_OPTIMIZATION_LEVEL = "-O";
				VALIDATE_PRODUCT = YES;
			};
			name = Release;
		};
		6B1AB69C2518AA300085F0BC /* Debug */ = {
			isa = XCBuildConfiguration;
			buildSettings = {
				ASSETCATALOG_COMPILER_APPICON_NAME = AppIcon;
				ASSETCATALOG_COMPILER_GLOBAL_ACCENT_COLOR_NAME = AccentColor;
				CODE_SIGN_STYLE = Automatic;
				INFOPLIST_FILE = Echo/Info.plist;
				IPHONEOS_DEPLOYMENT_TARGET = 13.0;
				LD_RUNPATH_SEARCH_PATHS = (
					"$(inherited)",
					"@executable_path/Frameworks",
				);
				PRODUCT_BUNDLE_IDENTIFIER = "-981kasito-gmail.com.Echo";
				PRODUCT_NAME = "$(TARGET_NAME)";
				SWIFT_VERSION = 5.0;
				TARGETED_DEVICE_FAMILY = 1;
			};
			name = Debug;
		};
		6B1AB69D2518AA300085F0BC /* Release */ = {
			isa = XCBuildConfiguration;
			buildSettings = {
				ASSETCATALOG_COMPILER_APPICON_NAME = AppIcon;
				ASSETCATALOG_COMPILER_GLOBAL_ACCENT_COLOR_NAME = AccentColor;
				CODE_SIGN_STYLE = Automatic;
				INFOPLIST_FILE = Echo/Info.plist;
				IPHONEOS_DEPLOYMENT_TARGET = 13.0;
				LD_RUNPATH_SEARCH_PATHS = (
					"$(inherited)",
					"@executable_path/Frameworks",
				);
				PRODUCT_BUNDLE_IDENTIFIER = "-981kasito-gmail.com.Echo";
				PRODUCT_NAME = "$(TARGET_NAME)";
				SWIFT_VERSION = 5.0;
				TARGETED_DEVICE_FAMILY = 1;
			};
			name = Release;
		};
/* End XCBuildConfiguration section */

/* Begin XCConfigurationList section */
		6B1AB6822518AA2E0085F0BC /* Build configuration list for PBXProject "Echo" */ = {
			isa = XCConfigurationList;
			buildConfigurations = (
				6B1AB6992518AA300085F0BC /* Debug */,
				6B1AB69A2518AA300085F0BC /* Release */,
			);
			defaultConfigurationIsVisible = 0;
			defaultConfigurationName = Release;
		};
		6B1AB69B2518AA300085F0BC /* Build configuration list for PBXNativeTarget "Echo" */ = {
			isa = XCConfigurationList;
			buildConfigurations = (
				6B1AB69C2518AA300085F0BC /* Debug */,
				6B1AB69D2518AA300085F0BC /* Release */,
			);
			defaultConfigurationIsVisible = 0;
			defaultConfigurationName = Release;
		};
/* End XCConfigurationList section */
	};
	rootObject = 6B1AB67F2518AA2E0085F0BC /* Project object */;
}
